{
  "nodes": {
    "flake-utils": {
      "inputs": {
        "systems": "systems"
      },
      "locked": {
        "lastModified": 1694529238,
        "narHash": "sha256-zsNZZGTGnMOf9YpHKJqMSsa0dXbfmxeoJ7xHlrt+xmY=",
        "owner": "numtide",
        "repo": "flake-utils",
        "rev": "ff7b65b44d01cf9ba6a71320833626af21126384",
        "type": "github"
      },
      "original": {
        "id": "flake-utils",
        "type": "indirect"
      }
    },
    "nixpkgs": {
      "locked": {
        "lastModified": 1697009197,
        "narHash": "sha256-viVRhBTFT8fPJTb1N3brQIpFZnttmwo3JVKNuWRVc3s=",
        "owner": "NixOS",
        "repo": "nixpkgs",
        "rev": "01441e14af5e29c9d27ace398e6dd0b293e25a54",
        "type": "github"
      },
      "original": {
        "id": "nixpkgs",
        "ref": "nixpkgs-unstable",
        "type": "indirect"
      }
    },
    "nixpkgs-mozilla": {
      "locked": {
        "lastModified": 1684487559,
        "narHash": "sha256-SZcJEM+NnLr8ctzeQf1BGAqBHzJ3jn+tdSeO7lszIJc=",
        "owner": "mozilla",
        "repo": "nixpkgs-mozilla",
        "rev": "e6ca26fe8b9df914d4567604e426fbc185d9ef3e",
        "type": "github"
      },
      "original": {
        "owner": "mozilla",
        "repo": "nixpkgs-mozilla",
        "type": "github"
      }
    },
    "nur": {
      "locked": {
        "lastModified": 1685105961,
        "narHash": "sha256-gvcy3gq5XBqlERy0GJWshkQUa75XPLHRIgPakpPsRFk=",
        "owner": "nix-community",
        "repo": "NUR",
        "rev": "5f15b57eeaa42ceef0926d4cfaa9f7572d9cfd43",
        "type": "github"
      },
      "original": {
        "owner": "nix-community",
        "repo": "NUR",
        "type": "github"
      }
    },
    "qeval": {
      "inputs": {
        "flake-utils": [
          "flake-utils"
        ],
        "nixpkgs": [
          "nixpkgs"
        ],
        "nixpkgs-mozilla": "nixpkgs-mozilla",
        "nur": "nur"
      },
      "locked": {
        "lastModified": 1696324909,
        "narHash": "sha256-JmP+6YetnVhWkEgBcplchTLgH/ZO9P+C/+7Zfmnp32U=",
        "owner": "ncfavier",
        "repo": "qeval",
        "rev": "c241949bd34f9ff53b57e626b5d14d3b1f822af3",
        "type": "github"
      },
      "original": {
        "owner": "ncfavier",
        "repo": "qeval",
        "type": "github"
      }
    },
    "root": {
      "inputs": {
        "flake-utils": "flake-utils",
        "nixpkgs": "nixpkgs",
        "qeval": "qeval"
      }
    },
    "systems": {
      "locked": {
        "lastModified": 1681028828,
        "narHash": "sha256-Vy1rq5AaRuLzOxct8nz4T6wlgyUR7zLU309k9mBC768=",
        "owner": "nix-systems",
        "repo": "default",
        "rev": "da67096a3b9bf56a91d16901293e51ba5b49a27e",
        "type": "github"
      },
      "original": {
        "owner": "nix-systems",
        "repo": "default",
        "type": "github"
      }
    }
  },
  "root": "root",
  "version": 7
}
