{
  "nodes": {
    "flake-utils": {
      "locked": {
        "lastModified": 1667395993,
        "narHash": "sha256-nuEHfE/LcWyuSWnS8t12N1wc105Qtau+/OdUAjtQ0rA=",
        "owner": "numtide",
        "repo": "flake-utils",
        "rev": "5aed5285a952e0b949eb3ba02c12fa4fcfef535f",
        "type": "github"
      },
      "original": {
        "id": "flake-utils",
        "type": "indirect"
      }
    },
    "html-charset": {
      "flake": false,
      "locked": {
        "lastModified": 1670854070,
        "narHash": "sha256-YOh8f4Lr/YJ0rDfjRYB4Q8hP6dTS1Mcqxkandg4RDXk=",
        "owner": "dahlia",
        "repo": "html-charset",
        "rev": "8f9b75daf6cc8976b32cdde879f18c3b4163fd69",
        "type": "github"
      },
      "original": {
        "owner": "dahlia",
        "repo": "html-charset",
        "type": "github"
      }
    },
    "nixpkgs": {
      "locked": {
        "lastModified": 1671848398,
        "narHash": "sha256-cJIIPd1kvCI6ne/S0facbiBNH7sZUzk405GfdSJPwZE=",
        "owner": "NixOS",
        "repo": "nixpkgs",
        "rev": "bb0359be0a1a08c8d74412fe8c69aa2ffb3f477e",
        "type": "github"
      },
      "original": {
        "id": "nixpkgs",
        "ref": "nixpkgs-unstable",
        "type": "indirect"
      }
    },
    "nixpkgs-mozilla": {
      "locked": {
        "lastModified": 1664789696,
        "narHash": "sha256-UGWJHQShiwLCr4/DysMVFrYdYYHcOqAOVsWNUu+l6YU=",
        "owner": "mozilla",
        "repo": "nixpkgs-mozilla",
        "rev": "80627b282705101e7b38e19ca6e8df105031b072",
        "type": "github"
      },
      "original": {
        "owner": "mozilla",
        "repo": "nixpkgs-mozilla",
        "type": "github"
      }
    },
    "nur": {
      "locked": {
        "lastModified": 1670905794,
        "narHash": "sha256-wpg/ZYga8aDmUogB8YRK8KLiUsOLw0cnhJtaKutvKEk=",
        "owner": "nix-community",
        "repo": "NUR",
        "rev": "a0869f532570fb0bbff84a158299c40c4af3fadd",
        "type": "github"
      },
      "original": {
        "owner": "nix-community",
        "repo": "NUR",
        "type": "github"
      }
    },
    "qeval": {
      "inputs": {
        "flake-utils": [
          "flake-utils"
        ],
        "nixpkgs": [
          "nixpkgs"
        ],
        "nixpkgs-mozilla": "nixpkgs-mozilla",
        "nur": "nur"
      },
      "locked": {
        "lastModified": 1671662223,
        "narHash": "sha256-VdjG+mLfp36HXo0xNw6UFLm4V5YKsA5uHfyGNF/tgbM=",
        "owner": "ncfavier",
        "repo": "qeval",
        "rev": "3413d641105d574341232027702197593a02daeb",
        "type": "github"
      },
      "original": {
        "owner": "ncfavier",
        "repo": "qeval",
        "type": "github"
      }
    },
    "root": {
      "inputs": {
        "flake-utils": "flake-utils",
        "html-charset": "html-charset",
        "nixpkgs": "nixpkgs",
        "qeval": "qeval"
      }
    }
  },
  "root": "root",
  "version": 7
}
